
Microsoft Visual Studio Solution File, Format Version 12.00
# Visual Studio Version 17
VisualStudioVersion = 17.5.33627.172
MinimumVisualStudioVersion = 10.0.40219.1
Project("{9A19103F-16F7-4668-BE54-9A1E7A4F7556}") = "CadastroSimples", "CadastroSimples.csproj", "{0F3745D6-A773-41DD-ABA9-3EF7A5353A18}"
EndProject
Project("{FAE04EC0-301F-11D3-BF4B-00C04F79EFBC}") = "CadastroSimples.Tests", "..\CadastroSimples.Tests\CadastroSimples.Tests.csproj", "{EE58C20B-E0BD-424A-90E6-AE7627E59C3E}"
EndProject
Global
	GlobalSection(SolutionConfigurationPlatforms) = preSolution
		Debug|Any CPU = Debug|Any CPU
		Release|Any CPU = Release|Any CPU
	EndGlobalSection
	GlobalSection(ProjectConfigurationPlatforms) = postSolution
		{0F3745D6-A773-41DD-ABA9-3EF7A5353A18}.Debug|Any CPU.ActiveCfg = Debug|Any CPU
		{0F3745D6-A773-41DD-ABA9-3EF7A5353A18}.Debug|Any CPU.Build.0 = Debug|Any CPU
		{0F3745D6-A773-41DD-ABA9-3EF7A5353A18}.Release|Any CPU.ActiveCfg = Release|Any CPU
		{0F3745D6-A773-41DD-ABA9-3EF7A5353A18}.Release|Any CPU.Build.0 = Release|Any CPU
		{EE58C20B-E0BD-424A-90E6-AE7627E59C3E}.Debug|Any CPU.ActiveCfg = Debug|Any CPU
		{EE58C20B-E0BD-424A-90E6-AE7627E59C3E}.Debug|Any CPU.Build.0 = Debug|Any CPU
		{EE58C20B-E0BD-424A-90E6-AE7627E59C3E}.Release|Any CPU.ActiveCfg = Release|Any CPU
		{EE58C20B-E0BD-424A-90E6-AE7627E59C3E}.Release|Any CPU.Build.0 = Release|Any CPU
	EndGlobalSection
	GlobalSection(SolutionProperties) = preSolution
		HideSolutionNode = FALSE
	EndGlobalSection
	GlobalSection(ExtensibilityGlobals) = postSolution
		SolutionGuid = {E307B765-6F71-4720-9A01-54BC92FCA178}
	EndGlobalSection
EndGlobal
